{
  "requires": true,
  "lockfileVersion": 1,
  "dependencies": {
    "esm": {
      "version": "3.1.1",
      "resolved": "https://registry.npmjs.org/esm/-/esm-3.1.1.tgz",
      "integrity": "sha512-Md2pR4IbR37UqubbgbA4+wiBorOEFB05Oo+g4WJW7W2ajiOhUfjZt77NzzCoQdrCb40GdKcflitm+XHDF053OQ=="
    }
  }
}
